// !$*UTF8*$!
{
	archiveVersion = 1;
	classes = {
	};
	objectVersion = 50;
	objects = {

/* Begin PBXBuildFile section */
		C49A8CA92507951A00741A9A /* AppDelegate.swift in Sources */ = {isa = PBXBuildFile; fileRef = C49A8CA82507951A00741A9A /* AppDelegate.swift */; };
		C49A8CAB2507951A00741A9A /* SceneDelegate.swift in Sources */ = {isa = PBXBuildFile; fileRef = C49A8CAA2507951A00741A9A /* SceneDelegate.swift */; };
		C49A8CAD2507951A00741A9A /* ViewController.swift in Sources */ = {isa = PBXBuildFile; fileRef = C49A8CAC2507951A00741A9A /* ViewController.swift */; };
		C49A8CB02507951A00741A9A /* Main.storyboard in Resources */ = {isa = PBXBuildFile; fileRef = C49A8CAE2507951A00741A9A /* Main.storyboard */; };
		C49A8CB22507951B00741A9A /* Assets.xcassets in Resources */ = {isa = PBXBuildFile; fileRef = C49A8CB12507951B00741A9A /* Assets.xcassets */; };
		C49A8CB52507951B00741A9A /* LaunchScreen.storyboard in Resources */ = {isa = PBXBuildFile; fileRef = C49A8CB32507951B00741A9A /* LaunchScreen.storyboard */; };
		C49A8CBD2507969600741A9A /* CryptoTableViewCell.swift in Sources */ = {isa = PBXBuildFile; fileRef = C49A8CBC2507969600741A9A /* CryptoTableViewCell.swift */; };
		C49A8CC32507982500741A9A /* CryptoCurrency.swift in Sources */ = {isa = PBXBuildFile; fileRef = C49A8CC22507982500741A9A /* CryptoCurrency.swift */; };
		C49A8CC5250798DA00741A9A /* Webservice.swift in Sources */ = {isa = PBXBuildFile; fileRef = C49A8CC4250798DA00741A9A /* Webservice.swift */; };
		C49A8CC725079D5200741A9A /* CryptoViewModel.swift in Sources */ = {isa = PBXBuildFile; fileRef = C49A8CC625079D5200741A9A /* CryptoViewModel.swift */; };
/* End PBXBuildFile section */

/* Begin PBXFileReference section */
		C49A8CA52507951A00741A9A /* CryptoCrazy.app */ = {isa = PBXFileReference; explicitFileType = wrapper.application; includeInIndex = 0; path = CryptoCrazy.app; sourceTree = BUILT_PRODUCTS_DIR; };
		C49A8CA82507951A00741A9A /* AppDelegate.swift */ = {isa = PBXFileReference; lastKnownFileType = sourcecode.swift; path = AppDelegate.swift; sourceTree = "<group>"; };
		C49A8CAA2507951A00741A9A /* SceneDelegate.swift */ = {isa = PBXFileReference; lastKnownFileType = sourcecode.swift; path = SceneDelegate.swift; sourceTree = "<group>"; };
		C49A8CAC2507951A00741A9A /* ViewController.swift */ = {isa = PBXFileReference; lastKnownFileType = sourcecode.swift; path = ViewController.swift; sourceTree = "<group>"; };
		C49A8CAF2507951A00741A9A /* Base */ = {isa = PBXFileReference; lastKnownFileType = file.storyboard; name = Base; path = Base.lproj/Main.storyboard; sourceTree = "<group>"; };
		C49A8CB12507951B00741A9A /* Assets.xcassets */ = {isa = PBXFileReference; lastKnownFileType = folder.assetcatalog; path = Assets.xcassets; sourceTree = "<group>"; };
		C49A8CB42507951B00741A9A /* Base */ = {isa = PBXFileReference; lastKnownFileType = file.storyboard; name = Base; path = Base.lproj/LaunchScreen.storyboard; sourceTree = "<group>"; };
		C49A8CB62507951B00741A9A /* Info.plist */ = {isa = PBXFileReference; lastKnownFileType = text.plist.xml; path = Info.plist; sourceTree = "<group>"; };
		C49A8CBC2507969600741A9A /* CryptoTableViewCell.swift */ = {isa = PBXFileReference; lastKnownFileType = sourcecode.swift; path = CryptoTableViewCell.swift; sourceTree = "<group>"; };
		C49A8CC22507982500741A9A /* CryptoCurrency.swift */ = {isa = PBXFileReference; lastKnownFileType = sourcecode.swift; path = CryptoCurrency.swift; sourceTree = "<group>"; };
		C49A8CC4250798DA00741A9A /* Webservice.swift */ = {isa = PBXFileReference; lastKnownFileType = sourcecode.swift; path = Webservice.swift; sourceTree = "<group>"; };
		C49A8CC625079D5200741A9A /* CryptoViewModel.swift */ = {isa = PBXFileReference; lastKnownFileType = sourcecode.swift; path = CryptoViewModel.swift; sourceTree = "<group>"; };
/* End PBXFileReference section */

/* Begin PBXFrameworksBuildPhase section */
		C49A8CA22507951A00741A9A /* Frameworks */ = {
			isa = PBXFrameworksBuildPhase;
			buildActionMask = 2147483647;
			files = (
			);
			runOnlyForDeploymentPostprocessing = 0;
		};
/* End PBXFrameworksBuildPhase section */

/* Begin PBXGroup section */
		C49A8C9C2507951A00741A9A = {
			isa = PBXGroup;
			children = (
				C49A8CA72507951A00741A9A /* CryptoCrazy */,
				C49A8CA62507951A00741A9A /* Products */,
			);
			sourceTree = "<group>";
		};
		C49A8CA62507951A00741A9A /* Products */ = {
			isa = PBXGroup;
			children = (
				C49A8CA52507951A00741A9A /* CryptoCrazy.app */,
			);
			name = Products;
			sourceTree = "<group>";
		};
		C49A8CA72507951A00741A9A /* CryptoCrazy */ = {
			isa = PBXGroup;
			children = (
				C49A8CC1250797E900741A9A /* Service */,
				C49A8CC0250797A700741A9A /* ViewModel */,
				C49A8CBF2507979700741A9A /* Model */,
				C49A8CBE2507978B00741A9A /* View */,
				C49A8CAE2507951A00741A9A /* Main.storyboard */,
				C49A8CB12507951B00741A9A /* Assets.xcassets */,
				C49A8CB32507951B00741A9A /* LaunchScreen.storyboard */,
				C49A8CB62507951B00741A9A /* Info.plist */,
			);
			path = CryptoCrazy;
			sourceTree = "<group>";
		};
		C49A8CBE2507978B00741A9A /* View */ = {
			isa = PBXGroup;
			children = (
				C49A8CA82507951A00741A9A /* AppDelegate.swift */,
				C49A8CAA2507951A00741A9A /* SceneDelegate.swift */,
				C49A8CAC2507951A00741A9A /* ViewController.swift */,
				C49A8CBC2507969600741A9A /* CryptoTableViewCell.swift */,
			);
			path = View;
			sourceTree = "<group>";
		};
		C49A8CBF2507979700741A9A /* Model */ = {
			isa = PBXGroup;
			children = (
				C49A8CC22507982500741A9A /* CryptoCurrency.swift */,
			);
			path = Model;
			sourceTree = "<group>";
		};
		C49A8CC0250797A700741A9A /* ViewModel */ = {
			isa = PBXGroup;
			children = (
				C49A8CC625079D5200741A9A /* CryptoViewModel.swift */,
			);
			path = ViewModel;
			sourceTree = "<group>";
		};
		C49A8CC1250797E900741A9A /* Service */ = {
			isa = PBXGroup;
			children = (
				C49A8CC4250798DA00741A9A /* Webservice.swift */,
			);
			path = Service;
			sourceTree = "<group>";
		};
/* End PBXGroup section */

/* Begin PBXNativeTarget section */
		C49A8CA42507951A00741A9A /* CryptoCrazy */ = {
			isa = PBXNativeTarget;
			buildConfigurationList = C49A8CB92507951B00741A9A /* Build configuration list for PBXNativeTarget "CryptoCrazy" */;
			buildPhases = (
				C49A8CA12507951A00741A9A /* Sources */,
				C49A8CA22507951A00741A9A /* Frameworks */,
				C49A8CA32507951A00741A9A /* Resources */,
			);
			buildRules = (
			);
			dependencies = (
			);
			name = CryptoCrazy;
			productName = CryptoCrazy;
			productReference = C49A8CA52507951A00741A9A /* CryptoCrazy.app */;
			productType = "com.apple.product-type.application";
		};
/* End PBXNativeTarget section */

/* Begin PBXProject section */
		C49A8C9D2507951A00741A9A /* Project object */ = {
			isa = PBXProject;
			attributes = {
				LastSwiftUpdateCheck = 1160;
				LastUpgradeCheck = 1160;
				ORGANIZATIONNAME = "Oguzhan Bekir";
				TargetAttributes = {
					C49A8CA42507951A00741A9A = {
						CreatedOnToolsVersion = 11.6;
					};
				};
			};
			buildConfigurationList = C49A8CA02507951A00741A9A /* Build configuration list for PBXProject "CryptoCrazy" */;
			compatibilityVersion = "Xcode 9.3";
			developmentRegion = en;
			hasScannedForEncodings = 0;
			knownRegions = (
				en,
				Base,
			);
			mainGroup = C49A8C9C2507951A00741A9A;
			productRefGroup = C49A8CA62507951A00741A9A /* Products */;
			projectDirPath = "";
			projectRoot = "";
			targets = (
				C49A8CA42507951A00741A9A /* CryptoCrazy */,
			);
		};
/* End PBXProject section */

/* Begin PBXResourcesBuildPhase section */
		C49A8CA32507951A00741A9A /* Resources */ = {
			isa = PBXResourcesBuildPhase;
			buildActionMask = 2147483647;
			files = (
				C49A8CB52507951B00741A9A /* LaunchScreen.storyboard in Resources */,
				C49A8CB22507951B00741A9A /* Assets.xcassets in Resources */,
				C49A8CB02507951A00741A9A /* Main.storyboard in Resources */,
			);
			runOnlyForDeploymentPostprocessing = 0;
		};
/* End PBXResourcesBuildPhase section */

/* Begin PBXSourcesBuildPhase section */
		C49A8CA12507951A00741A9A /* Sources */ = {
			isa = PBXSourcesBuildPhase;
			buildActionMask = 2147483647;
			files = (
				C49A8CBD2507969600741A9A /* CryptoTableViewCell.swift in Sources */,
				C49A8CAD2507951A00741A9A /* ViewController.swift in Sources */,
				C49A8CC5250798DA00741A9A /* Webservice.swift in Sources */,
				C49A8CC725079D5200741A9A /* CryptoViewModel.swift in Sources */,
				C49A8CA92507951A00741A9A /* AppDelegate.swift in Sources */,
				C49A8CC32507982500741A9A /* CryptoCurrency.swift in Sources */,
				C49A8CAB2507951A00741A9A /* SceneDelegate.swift in Sources */,
			);
			runOnlyForDeploymentPostprocessing = 0;
		};
/* End PBXSourcesBuildPhase section */

/* Begin PBXVariantGroup section */
		C49A8CAE2507951A00741A9A /* Main.storyboard */ = {
			isa = PBXVariantGroup;
			children = (
				C49A8CAF2507951A00741A9A /* Base */,
			);
			name = Main.storyboard;
			sourceTree = "<group>";
		};
		C49A8CB32507951B00741A9A /* LaunchScreen.storyboard */ = {
			isa = PBXVariantGroup;
			children = (
				C49A8CB42507951B00741A9A /* Base */,
			);
			name = LaunchScreen.storyboard;
			sourceTree = "<group>";
		};
/* End PBXVariantGroup section */

/* Begin XCBuildConfiguration section */
		C49A8CB72507951B00741A9A /* Debug */ = {
			isa = XCBuildConfiguration;
			buildSettings = {
				ALWAYS_SEARCH_USER_PATHS = NO;
				CLANG_ANALYZER_NONNULL = YES;
				CLANG_ANALYZER_NUMBER_OBJECT_CONVERSION = YES_AGGRESSIVE;
				CLANG_CXX_LANGUAGE_STANDARD = "gnu++14";
				CLANG_CXX_LIBRARY = "libc++";
				CLANG_ENABLE_MODULES = YES;
				CLANG_ENABLE_OBJC_ARC = YES;
				CLANG_ENABLE_OBJC_WEAK = YES;
				CLANG_WARN_BLOCK_CAPTURE_AUTORELEASING = YES;
				CLANG_WARN_BOOL_CONVERSION = YES;
				CLANG_WARN_COMMA = YES;
				CLANG_WARN_CONSTANT_CONVERSION = YES;
				CLANG_WARN_DEPRECATED_OBJC_IMPLEMENTATIONS = YES;
				CLANG_WARN_DIRECT_OBJC_ISA_USAGE = YES_ERROR;
				CLANG_WARN_DOCUMENTATION_COMMENTS = YES;
				CLANG_WARN_EMPTY_BODY = YES;
				CLANG_WARN_ENUM_CONVERSION = YES;
				CLANG_WARN_INFINITE_RECURSION = YES;
				CLANG_WARN_INT_CONVERSION = YES;
				CLANG_WARN_NON_LITERAL_NULL_CONVERSION = YES;
				CLANG_WARN_OBJC_IMPLICIT_RETAIN_SELF = YES;
				CLANG_WARN_OBJC_LITERAL_CONVERSION = YES;
				CLANG_WARN_OBJC_ROOT_CLASS = YES_ERROR;
				CLANG_WARN_RANGE_LOOP_ANALYSIS = YES;
				CLANG_WARN_STRICT_PROTOTYPES = YES;
				CLANG_WARN_SUSPICIOUS_MOVE = YES;
				CLANG_WARN_UNGUARDED_AVAILABILITY = YES_AGGRESSIVE;
				CLANG_WARN_UNREACHABLE_CODE = YES;
				CLANG_WARN__DUPLICATE_METHOD_MATCH = YES;
				COPY_PHASE_STRIP = NO;
				DEBUG_INFORMATION_FORMAT = dwarf;
				ENABLE_STRICT_OBJC_MSGSEND = YES;
				ENABLE_TESTABILITY = YES;
				GCC_C_LANGUAGE_STANDARD = gnu11;
				GCC_DYNAMIC_NO_PIC = NO;
				GCC_NO_COMMON_BLOCKS = YES;
				GCC_OPTIMIZATION_LEVEL = 0;
				GCC_PREPROCESSOR_DEFINITIONS = (
					"DEBUG=1",
					"$(inherited)",
				);
				GCC_WARN_64_TO_32_BIT_CONVERSION = YES;
				GCC_WARN_ABOUT_RETURN_TYPE = YES_ERROR;
				GCC_WARN_UNDECLARED_SELECTOR = YES;
				GCC_WARN_UNINITIALIZED_AUTOS = YES_AGGRESSIVE;
				GCC_WARN_UNUSED_FUNCTION = YES;
				GCC_WARN_UNUSED_VARIABLE = YES;
				IPHONEOS_DEPLOYMENT_TARGET = 13.6;
				MTL_ENABLE_DEBUG_INFO = INCLUDE_SOURCE;
				MTL_FAST_MATH = YES;
				ONLY_ACTIVE_ARCH = YES;
				SDKROOT = iphoneos;
				SWIFT_ACTIVE_COMPILATION_CONDITIONS = DEBUG;
				SWIFT_OPTIMIZATION_LEVEL = "-Onone";
			};
			name = Debug;
		};
		C49A8CB82507951B00741A9A /* Release */ = {
			isa = XCBuildConfiguration;
			buildSettings = {
				ALWAYS_SEARCH_USER_PATHS = NO;
				CLANG_ANALYZER_NONNULL = YES;
				CLANG_ANALYZER_NUMBER_OBJECT_CONVERSION = YES_AGGRESSIVE;
				CLANG_CXX_LANGUAGE_STANDARD = "gnu++14";
				CLANG_CXX_LIBRARY = "libc++";
				CLANG_ENABLE_MODULES = YES;
				CLANG_ENABLE_OBJC_ARC = YES;
				CLANG_ENABLE_OBJC_WEAK = YES;
				CLANG_WARN_BLOCK_CAPTURE_AUTORELEASING = YES;
				CLANG_WARN_BOOL_CONVERSION = YES;
				CLANG_WARN_COMMA = YES;
				CLANG_WARN_CONSTANT_CONVERSION = YES;
				CLANG_WARN_DEPRECATED_OBJC_IMPLEMENTATIONS = YES;
				CLANG_WARN_DIRECT_OBJC_ISA_USAGE = YES_ERROR;
				CLANG_WARN_DOCUMENTATION_COMMENTS = YES;
				CLANG_WARN_EMPTY_BODY = YES;
				CLANG_WARN_ENUM_CONVERSION = YES;
				CLANG_WARN_INFINITE_RECURSION = YES;
				CLANG_WARN_INT_CONVERSION = YES;
				CLANG_WARN_NON_LITERAL_NULL_CONVERSION = YES;
				CLANG_WARN_OBJC_IMPLICIT_RETAIN_SELF = YES;
				CLANG_WARN_OBJC_LITERAL_CONVERSION = YES;
				CLANG_WARN_OBJC_ROOT_CLASS = YES_ERROR;
				CLANG_WARN_RANGE_LOOP_ANALYSIS = YES;
				CLANG_WARN_STRICT_PROTOTYPES = YES;
				CLANG_WARN_SUSPICIOUS_MOVE = YES;
				CLANG_WARN_UNGUARDED_AVAILABILITY = YES_AGGRESSIVE;
				CLANG_WARN_UNREACHABLE_CODE = YES;
				CLANG_WARN__DUPLICATE_METHOD_MATCH = YES;
				COPY_PHASE_STRIP = NO;
				DEBUG_INFORMATION_FORMAT = "dwarf-with-dsym";
				ENABLE_NS_ASSERTIONS = NO;
				ENABLE_STRICT_OBJC_MSGSEND = YES;
				GCC_C_LANGUAGE_STANDARD = gnu11;
				GCC_NO_COMMON_BLOCKS = YES;
				GCC_WARN_64_TO_32_BIT_CONVERSION = YES;
				GCC_WARN_ABOUT_RETURN_TYPE = YES_ERROR;
				GCC_WARN_UNDECLARED_SELECTOR = YES;
				GCC_WARN_UNINITIALIZED_AUTOS = YES_AGGRESSIVE;
				GCC_WARN_UNUSED_FUNCTION = YES;
				GCC_WARN_UNUSED_VARIABLE = YES;
				IPHONEOS_DEPLOYMENT_TARGET = 13.6;
				MTL_ENABLE_DEBUG_INFO = NO;
				MTL_FAST_MATH = YES;
				SDKROOT = iphoneos;
				SWIFT_COMPILATION_MODE = wholemodule;
				SWIFT_OPTIMIZATION_LEVEL = "-O";
				VALIDATE_PRODUCT = YES;
			};
			name = Release;
		};
		C49A8CBA2507951B00741A9A /* Debug */ = {
			isa = XCBuildConfiguration;
			buildSettings = {
				ASSETCATALOG_COMPILER_APPICON_NAME = AppIcon;
				CODE_SIGN_STYLE = Automatic;
				DEVELOPMENT_TEAM = ZJP5R49QLR;
				INFOPLIST_FILE = CryptoCrazy/Info.plist;
				LD_RUNPATH_SEARCH_PATHS = (
					"$(inherited)",
					"@executable_path/Frameworks",
				);
				PRODUCT_BUNDLE_IDENTIFIER = oguzhanbekir.CryptoCrazy;
				PRODUCT_NAME = "$(TARGET_NAME)";
				SWIFT_VERSION = 5.0;
				TARGETED_DEVICE_FAMILY = "1,2";
			};
			name = Debug;
		};
		C49A8CBB2507951B00741A9A /* Release */ = {
			isa = XCBuildConfiguration;
			buildSettings = {
				ASSETCATALOG_COMPILER_APPICON_NAME = AppIcon;
				CODE_SIGN_STYLE = Automatic;
				DEVELOPMENT_TEAM = ZJP5R49QLR;
				INFOPLIST_FILE = CryptoCrazy/Info.plist;
				LD_RUNPATH_SEARCH_PATHS = (
					"$(inherited)",
					"@executable_path/Frameworks",
				);
				PRODUCT_BUNDLE_IDENTIFIER = oguzhanbekir.CryptoCrazy;
				PRODUCT_NAME = "$(TARGET_NAME)";
				SWIFT_VERSION = 5.0;
				TARGETED_DEVICE_FAMILY = "1,2";
			};
			name = Release;
		};
/* End XCBuildConfiguration section */

/* Begin XCConfigurationList section */
		C49A8CA02507951A00741A9A /* Build configuration list for PBXProject "CryptoCrazy" */ = {
			isa = XCConfigurationList;
			buildConfigurations = (
				C49A8CB72507951B00741A9A /* Debug */,
				C49A8CB82507951B00741A9A /* Release */,
			);
			defaultConfigurationIsVisible = 0;
			defaultConfigurationName = Release;
		};
		C49A8CB92507951B00741A9A /* Build configuration list for PBXNativeTarget "CryptoCrazy" */ = {
			isa = XCConfigurationList;
			buildConfigurations = (
				C49A8CBA2507951B00741A9A /* Debug */,
				C49A8CBB2507951B00741A9A /* Release */,
			);
			defaultConfigurationIsVisible = 0;
			defaultConfigurationName = Release;
		};
/* End XCConfigurationList section */
	};
	rootObject = C49A8C9D2507951A00741A9A /* Project object */;
}
